{
  "name": "can-stache-loader",
  "version": "0.2.0",
  "lockfileVersion": 1,
  "dependencies": {
    "can": {
      "version": "2.3.31",
      "resolved": "https://registry.npmjs.org/can/-/can-2.3.31.tgz",
      "integrity": "sha1-EWL12nNdSiNNUtlOqk6zZm7PvWI=",
      "dependencies": {
        "jquery": {
          "version": "2.2.4",
          "resolved": "https://registry.npmjs.org/jquery/-/jquery-2.2.4.tgz",
          "integrity": "sha1-LInWiJterFIqfuoywUUhVZxsvwI="
        }
      }
    },
    "can-cid": {
      "version": "https://registry.npmjs.org/can-cid/-/can-cid-1.0.3.tgz",
      "integrity": "sha1-gVUhYivx+8pPbwtG8OGwevedvhc="
    },
    "can-compute": {
      "version": "https://registry.npmjs.org/can-compute/-/can-compute-3.0.7.tgz",
      "integrity": "sha1-/FCx43IPbt50JfGFqhV/GTrXAoA="
    },
    "can-construct": {
      "version": "https://registry.npmjs.org/can-construct/-/can-construct-3.1.1.tgz",
      "integrity": "sha1-wdgLrwdanFVuB5li8sC/N0NevU8="
    },
    "can-deparam": {
      "version": "1.0.1",
      "resolved": "https://registry.npmjs.org/can-deparam/-/can-deparam-1.0.1.tgz",
      "integrity": "sha1-IcJvj1hg7HIsPm3/l3uO7A3mdBo="
    },
    "can-event": {
      "version": "https://registry.npmjs.org/can-event/-/can-event-3.2.0.tgz",
      "integrity": "sha1-60wJwMb7kCokoEhKBSi/sUI6+dc="
    },
    "can-event-radiochange": {
      "version": "0.0.2",
      "resolved": "https://registry.npmjs.org/can-event-radiochange/-/can-event-radiochange-0.0.2.tgz",
      "integrity": "sha1-+/0OuhP0OWpqwvoufntZ0ApaqnU="
    },
    "can-list": {
      "version": "https://registry.npmjs.org/can-list/-/can-list-3.0.3.tgz",
      "integrity": "sha1-L+I4Xrp1Dw21YsrVG7qJDl2uZ6g="
    },
    "can-map": {
      "version": "https://registry.npmjs.org/can-map/-/can-map-3.0.6.tgz",
      "integrity": "sha1-gnkGFY1SmIt5wonZMWfvb70LzSQ="
    },
    "can-namespace": {
      "version": "https://registry.npmjs.org/can-namespace/-/can-namespace-1.0.0.tgz",
      "integrity": "sha1-C4+vr7sRNSuerUIi/+OCJAW0Ppk="
    },
    "can-observation": {
      "version": "https://registry.npmjs.org/can-observation/-/can-observation-3.1.2.tgz",
      "integrity": "sha1-2P1uplhEcpzicl5yI7EhqmqZyOs="
    },
    "can-param": {
      "version": "1.0.1",
      "resolved": "https://registry.npmjs.org/can-param/-/can-param-1.0.1.tgz",
      "integrity": "sha1-0Iws5Ug9hAvp+C8dy0W664yOSmY="
    },
    "can-route": {
      "version": "https://registry.npmjs.org/can-route/-/can-route-3.0.8.tgz",
      "integrity": "sha1-+dn0Oxpap6mEjZ9f0NWbqwBqAxI="
    },
    "can-simple-dom": {
      "version": "0.3.0",
      "resolved": "https://registry.npmjs.org/can-simple-dom/-/can-simple-dom-0.3.0.tgz",
      "integrity": "sha1-p7Nk0ihZXhGjtunWYnQeiTxYM50="
    },
    "can-simple-map": {
      "version": "https://registry.npmjs.org/can-simple-map/-/can-simple-map-3.1.3.tgz",
      "integrity": "sha1-QV/vRXgoHrtR9eWd/qK2ykxqhAo="
    },
    "can-stache": {
      "version": "3.0.25",
      "resolved": "https://registry.npmjs.org/can-stache/-/can-stache-3.0.25.tgz",
      "integrity": "sha1-H4jSorGXlc/H/129WXNJ0BBnYQ0=",
      "dependencies": {
        "can-compute": {
          "version": "3.0.10",
          "resolved": "https://registry.npmjs.org/can-compute/-/can-compute-3.0.10.tgz",
          "integrity": "sha1-P9HspnkZyrt8IZA8SxF8JkI8TEc="
        },
        "can-event": {
          "version": "3.4.0",
          "resolved": "https://registry.npmjs.org/can-event/-/can-event-3.4.0.tgz",
          "integrity": "sha1-DpMDnG5KX49zLTrMEajC+CgNNcQ=",
          "dependencies": {
            "can-util": {
              "version": "3.8.1",
              "resolved": "https://registry.npmjs.org/can-util/-/can-util-3.8.1.tgz",
              "integrity": "sha1-Go6kTBxMqjpe+Rxuep+7txTIgd4="
            }
          }
        }
      }
    },
    "can-types": {
      "version": "https://registry.npmjs.org/can-types/-/can-types-1.0.4.tgz",
      "integrity": "sha1-n/EJ4Kos6FBQzmPQm9LpGiSflCs="
    },
    "can-util": {
      "version": "https://registry.npmjs.org/can-util/-/can-util-3.3.5.tgz",
      "integrity": "sha1-DxW/4jmWKFC89qVMVABwxBER2e8="
    },
    "can-view-callbacks": {
      "version": "https://registry.npmjs.org/can-view-callbacks/-/can-view-callbacks-3.0.6.tgz",
      "integrity": "sha1-MRAhHWDlyKuoQEZ9NLPbtvBgx9k="
    },
    "can-view-live": {
      "version": "https://registry.npmjs.org/can-view-live/-/can-view-live-3.0.6.tgz",
      "integrity": "sha1-r8ua3gkF1JZ4UjAr2+V4Rqx43PI="
    },
    "can-view-nodelist": {
      "version": "https://registry.npmjs.org/can-view-nodelist/-/can-view-nodelist-3.0.4.tgz",
      "integrity": "sha1-0oOmidkO8zKh7SVb85Q1DEgdrYo="
    },
    "can-view-parser": {
      "version": "3.3.0",
      "resolved": "https://registry.npmjs.org/can-view-parser/-/can-view-parser-3.3.0.tgz",
      "integrity": "sha1-jLLXjXy/bEbvwfaZGEdOM0MSEIY="
    },
    "can-view-scope": {
      "version": "https://registry.npmjs.org/can-view-scope/-/can-view-scope-3.1.4.tgz",
      "integrity": "sha1-IM1DUTAZ1wGJbgFXwWbo7UYLOPM="
    },
    "can-view-target": {
      "version": "https://registry.npmjs.org/can-view-target/-/can-view-target-3.0.7.tgz",
      "integrity": "sha1-x8UcH4VosiSpw2zNte//LYk6UBY="
    },
    "micro-location": {
      "version": "0.1.5",
      "resolved": "https://registry.npmjs.org/micro-location/-/micro-location-0.1.5.tgz",
      "integrity": "sha1-KCoq2Tol7XOyhol06pmZQo/8G+I="
    },
    "simple-html-tokenizer": {
      "version": "0.2.6",
      "resolved": "https://registry.npmjs.org/simple-html-tokenizer/-/simple-html-tokenizer-0.2.6.tgz",
      "integrity": "sha1-pu+re8cFzzqW8arqoadjZfDRbDM="
    }
  }
}
